
Microsoft Visual Studio Solution File, Format Version 12.00
# Visual Studio Version 17
VisualStudioVersion = 17.11.35303.130
MinimumVisualStudioVersion = 10.0.40219.1
Project("{9A19103F-16F7-4668-BE54-9A1E7A4F7556}") = "Application", "Application\Application.csproj", "{79D78149-AE22-40EF-9A00-195D11B1DC5D}"
EndProject
Project("{9A19103F-16F7-4668-BE54-9A1E7A4F7556}") = "Domain", "Domain\Domain.csproj", "{AF7BE015-0618-44B4-8BC1-064997658023}"
EndProject
Project("{9A19103F-16F7-4668-BE54-9A1E7A4F7556}") = "Incoming", "Incoming\Incoming.csproj", "{68A6BC49-57E8-4694-80AD-73A27A059B13}"
EndProject
Project("{9A19103F-16F7-4668-BE54-9A1E7A4F7556}") = "Infrastructure", "Infrastructure\Infrastructure.csproj", "{4DFFD78B-F55C-450F-979F-4FA5303D8320}"
EndProject
Project("{9A19103F-16F7-4668-BE54-9A1E7A4F7556}") = "Outgoing", "Outgoing\Outgoing.csproj", "{A6351B48-6C64-4C2B-A6CF-328E79139E67}"
EndProject
Global
	GlobalSection(SolutionConfigurationPlatforms) = preSolution
		Debug|Any CPU = Debug|Any CPU
		Release|Any CPU = Release|Any CPU
	EndGlobalSection
	GlobalSection(ProjectConfigurationPlatforms) = postSolution
		{79D78149-AE22-40EF-9A00-195D11B1DC5D}.Debug|Any CPU.ActiveCfg = Debug|Any CPU
		{79D78149-AE22-40EF-9A00-195D11B1DC5D}.Debug|Any CPU.Build.0 = Debug|Any CPU
		{79D78149-AE22-40EF-9A00-195D11B1DC5D}.Release|Any CPU.ActiveCfg = Release|Any CPU
		{79D78149-AE22-40EF-9A00-195D11B1DC5D}.Release|Any CPU.Build.0 = Release|Any CPU
		{AF7BE015-0618-44B4-8BC1-064997658023}.Debug|Any CPU.ActiveCfg = Debug|Any CPU
		{AF7BE015-0618-44B4-8BC1-064997658023}.Debug|Any CPU.Build.0 = Debug|Any CPU
		{AF7BE015-0618-44B4-8BC1-064997658023}.Release|Any CPU.ActiveCfg = Release|Any CPU
		{AF7BE015-0618-44B4-8BC1-064997658023}.Release|Any CPU.Build.0 = Release|Any CPU
		{68A6BC49-57E8-4694-80AD-73A27A059B13}.Debug|Any CPU.ActiveCfg = Debug|Any CPU
		{68A6BC49-57E8-4694-80AD-73A27A059B13}.Debug|Any CPU.Build.0 = Debug|Any CPU
		{68A6BC49-57E8-4694-80AD-73A27A059B13}.Release|Any CPU.ActiveCfg = Release|Any CPU
		{68A6BC49-57E8-4694-80AD-73A27A059B13}.Release|Any CPU.Build.0 = Release|Any CPU
		{4DFFD78B-F55C-450F-979F-4FA5303D8320}.Debug|Any CPU.ActiveCfg = Debug|Any CPU
		{4DFFD78B-F55C-450F-979F-4FA5303D8320}.Debug|Any CPU.Build.0 = Debug|Any CPU
		{4DFFD78B-F55C-450F-979F-4FA5303D8320}.Release|Any CPU.ActiveCfg = Release|Any CPU
		{4DFFD78B-F55C-450F-979F-4FA5303D8320}.Release|Any CPU.Build.0 = Release|Any CPU
		{A6351B48-6C64-4C2B-A6CF-328E79139E67}.Debug|Any CPU.ActiveCfg = Debug|Any CPU
		{A6351B48-6C64-4C2B-A6CF-328E79139E67}.Debug|Any CPU.Build.0 = Debug|Any CPU
		{A6351B48-6C64-4C2B-A6CF-328E79139E67}.Release|Any CPU.ActiveCfg = Release|Any CPU
		{A6351B48-6C64-4C2B-A6CF-328E79139E67}.Release|Any CPU.Build.0 = Release|Any CPU
	EndGlobalSection
	GlobalSection(SolutionProperties) = preSolution
		HideSolutionNode = FALSE
	EndGlobalSection
	GlobalSection(ExtensibilityGlobals) = postSolution
		SolutionGuid = {01EA17B1-F18F-4025-B267-1890486D9B06}
	EndGlobalSection
EndGlobal
