
Microsoft Visual Studio Solution File, Format Version 12.00
# Visual Studio Version 17
VisualStudioVersion = 17.11.35303.130
MinimumVisualStudioVersion = 10.0.40219.1
Project("{9A19103F-16F7-4668-BE54-9A1E7A4F7556}") = "Application", "Application\Application.csproj", "{ED14814B-0F9E-4F14-97BB-3280B0C236B1}"
EndProject
Project("{9A19103F-16F7-4668-BE54-9A1E7A4F7556}") = "Domain", "Domain\Domain.csproj", "{9F093436-9B07-477B-BA47-EC5350477F81}"
EndProject
Project("{9A19103F-16F7-4668-BE54-9A1E7A4F7556}") = "Incoming", "Incoming\Incoming.csproj", "{94C5611C-8119-441A-A233-968232AB9304}"
EndProject
Project("{9A19103F-16F7-4668-BE54-9A1E7A4F7556}") = "Infrastructure", "Infrastructure\Infrastructure.csproj", "{4F25A021-2863-473E-9C0C-599DB5456585}"
EndProject
Project("{9A19103F-16F7-4668-BE54-9A1E7A4F7556}") = "Outgoing", "Outgoing\Outgoing.csproj", "{D412265C-AF09-4336-BAD4-13FB6914F56D}"
EndProject
Global
	GlobalSection(SolutionConfigurationPlatforms) = preSolution
		Debug|Any CPU = Debug|Any CPU
		Release|Any CPU = Release|Any CPU
	EndGlobalSection
	GlobalSection(ProjectConfigurationPlatforms) = postSolution
		{ED14814B-0F9E-4F14-97BB-3280B0C236B1}.Debug|Any CPU.ActiveCfg = Debug|Any CPU
		{ED14814B-0F9E-4F14-97BB-3280B0C236B1}.Debug|Any CPU.Build.0 = Debug|Any CPU
		{ED14814B-0F9E-4F14-97BB-3280B0C236B1}.Release|Any CPU.ActiveCfg = Release|Any CPU
		{ED14814B-0F9E-4F14-97BB-3280B0C236B1}.Release|Any CPU.Build.0 = Release|Any CPU
		{9F093436-9B07-477B-BA47-EC5350477F81}.Debug|Any CPU.ActiveCfg = Debug|Any CPU
		{9F093436-9B07-477B-BA47-EC5350477F81}.Debug|Any CPU.Build.0 = Debug|Any CPU
		{9F093436-9B07-477B-BA47-EC5350477F81}.Release|Any CPU.ActiveCfg = Release|Any CPU
		{9F093436-9B07-477B-BA47-EC5350477F81}.Release|Any CPU.Build.0 = Release|Any CPU
		{94C5611C-8119-441A-A233-968232AB9304}.Debug|Any CPU.ActiveCfg = Debug|Any CPU
		{94C5611C-8119-441A-A233-968232AB9304}.Debug|Any CPU.Build.0 = Debug|Any CPU
		{94C5611C-8119-441A-A233-968232AB9304}.Release|Any CPU.ActiveCfg = Release|Any CPU
		{94C5611C-8119-441A-A233-968232AB9304}.Release|Any CPU.Build.0 = Release|Any CPU
		{4F25A021-2863-473E-9C0C-599DB5456585}.Debug|Any CPU.ActiveCfg = Debug|Any CPU
		{4F25A021-2863-473E-9C0C-599DB5456585}.Debug|Any CPU.Build.0 = Debug|Any CPU
		{4F25A021-2863-473E-9C0C-599DB5456585}.Release|Any CPU.ActiveCfg = Release|Any CPU
		{4F25A021-2863-473E-9C0C-599DB5456585}.Release|Any CPU.Build.0 = Release|Any CPU
		{D412265C-AF09-4336-BAD4-13FB6914F56D}.Debug|Any CPU.ActiveCfg = Debug|Any CPU
		{D412265C-AF09-4336-BAD4-13FB6914F56D}.Debug|Any CPU.Build.0 = Debug|Any CPU
		{D412265C-AF09-4336-BAD4-13FB6914F56D}.Release|Any CPU.ActiveCfg = Release|Any CPU
		{D412265C-AF09-4336-BAD4-13FB6914F56D}.Release|Any CPU.Build.0 = Release|Any CPU
	EndGlobalSection
	GlobalSection(SolutionProperties) = preSolution
		HideSolutionNode = FALSE
	EndGlobalSection
	GlobalSection(ExtensibilityGlobals) = postSolution
		SolutionGuid = {4903A586-CC85-4CB3-820A-21E512A4F881}
	EndGlobalSection
EndGlobal
