
Microsoft Visual Studio Solution File, Format Version 12.00
# Visual Studio Version 17
VisualStudioVersion = 17.11.35303.130
MinimumVisualStudioVersion = 10.0.40219.1
Project("{9A19103F-16F7-4668-BE54-9A1E7A4F7556}") = "Application", "Application\Application.csproj", "{C1D4CF59-9558-4761-855F-B1E55F26776F}"
EndProject
Project("{9A19103F-16F7-4668-BE54-9A1E7A4F7556}") = "Domain", "Domain\Domain.csproj", "{8C2E2D77-0A75-4458-B788-19080A759D62}"
EndProject
Project("{9A19103F-16F7-4668-BE54-9A1E7A4F7556}") = "Incoming", "Incoming\Incoming.csproj", "{9BD3C217-7E28-4279-94DC-32050749F52C}"
EndProject
Project("{9A19103F-16F7-4668-BE54-9A1E7A4F7556}") = "Infrastructure", "Infrastructure\Infrastructure.csproj", "{09939B6C-01DA-4732-BED8-CF24491B3FC0}"
EndProject
Project("{9A19103F-16F7-4668-BE54-9A1E7A4F7556}") = "Outgoing", "Outgoing\Outgoing.csproj", "{33046BBE-AB8D-4209-83FB-40B2451D32A8}"
EndProject
Global
	GlobalSection(SolutionConfigurationPlatforms) = preSolution
		Debug|Any CPU = Debug|Any CPU
		Release|Any CPU = Release|Any CPU
	EndGlobalSection
	GlobalSection(ProjectConfigurationPlatforms) = postSolution
		{C1D4CF59-9558-4761-855F-B1E55F26776F}.Debug|Any CPU.ActiveCfg = Debug|Any CPU
		{C1D4CF59-9558-4761-855F-B1E55F26776F}.Debug|Any CPU.Build.0 = Debug|Any CPU
		{C1D4CF59-9558-4761-855F-B1E55F26776F}.Release|Any CPU.ActiveCfg = Release|Any CPU
		{C1D4CF59-9558-4761-855F-B1E55F26776F}.Release|Any CPU.Build.0 = Release|Any CPU
		{8C2E2D77-0A75-4458-B788-19080A759D62}.Debug|Any CPU.ActiveCfg = Debug|Any CPU
		{8C2E2D77-0A75-4458-B788-19080A759D62}.Debug|Any CPU.Build.0 = Debug|Any CPU
		{8C2E2D77-0A75-4458-B788-19080A759D62}.Release|Any CPU.ActiveCfg = Release|Any CPU
		{8C2E2D77-0A75-4458-B788-19080A759D62}.Release|Any CPU.Build.0 = Release|Any CPU
		{9BD3C217-7E28-4279-94DC-32050749F52C}.Debug|Any CPU.ActiveCfg = Debug|Any CPU
		{9BD3C217-7E28-4279-94DC-32050749F52C}.Debug|Any CPU.Build.0 = Debug|Any CPU
		{9BD3C217-7E28-4279-94DC-32050749F52C}.Release|Any CPU.ActiveCfg = Release|Any CPU
		{9BD3C217-7E28-4279-94DC-32050749F52C}.Release|Any CPU.Build.0 = Release|Any CPU
		{09939B6C-01DA-4732-BED8-CF24491B3FC0}.Debug|Any CPU.ActiveCfg = Debug|Any CPU
		{09939B6C-01DA-4732-BED8-CF24491B3FC0}.Debug|Any CPU.Build.0 = Debug|Any CPU
		{09939B6C-01DA-4732-BED8-CF24491B3FC0}.Release|Any CPU.ActiveCfg = Release|Any CPU
		{09939B6C-01DA-4732-BED8-CF24491B3FC0}.Release|Any CPU.Build.0 = Release|Any CPU
		{33046BBE-AB8D-4209-83FB-40B2451D32A8}.Debug|Any CPU.ActiveCfg = Debug|Any CPU
		{33046BBE-AB8D-4209-83FB-40B2451D32A8}.Debug|Any CPU.Build.0 = Debug|Any CPU
		{33046BBE-AB8D-4209-83FB-40B2451D32A8}.Release|Any CPU.ActiveCfg = Release|Any CPU
		{33046BBE-AB8D-4209-83FB-40B2451D32A8}.Release|Any CPU.Build.0 = Release|Any CPU
	EndGlobalSection
	GlobalSection(SolutionProperties) = preSolution
		HideSolutionNode = FALSE
	EndGlobalSection
	GlobalSection(ExtensibilityGlobals) = postSolution
		SolutionGuid = {15C63BCB-E897-4192-9F32-D8713CF87A27}
	EndGlobalSection
EndGlobal
